
Microsoft Visual Studio Solution File, Format Version 12.00
# Visual Studio Version 17
VisualStudioVersion = 17.7.34221.43
MinimumVisualStudioVersion = 10.0.40219.1
Project("{FAE04EC0-301F-11D3-BF4B-00C04F79EFBC}") = "Assessment", "Assessment.csproj", "{F19D0C52-1459-4B8E-914A-41AA9D6A351D}"
EndProject
Project("{FAE04EC0-301F-11D3-BF4B-00C04F79EFBC}") = "AssessmentTest", "..\AssessmentTest\AssessmentTest.csproj", "{13018B0C-5261-443D-95E0-87A49EE28C10}"
EndProject
Global
	GlobalSection(SolutionConfigurationPlatforms) = preSolution
		Debug|Any CPU = Debug|Any CPU
		Release|Any CPU = Release|Any CPU
	EndGlobalSection
	GlobalSection(ProjectConfigurationPlatforms) = postSolution
		{F19D0C52-1459-4B8E-914A-41AA9D6A351D}.Debug|Any CPU.ActiveCfg = Debug|Any CPU
		{F19D0C52-1459-4B8E-914A-41AA9D6A351D}.Debug|Any CPU.Build.0 = Debug|Any CPU
		{F19D0C52-1459-4B8E-914A-41AA9D6A351D}.Release|Any CPU.ActiveCfg = Release|Any CPU
		{F19D0C52-1459-4B8E-914A-41AA9D6A351D}.Release|Any CPU.Build.0 = Release|Any CPU
		{13018B0C-5261-443D-95E0-87A49EE28C10}.Debug|Any CPU.ActiveCfg = Debug|Any CPU
		{13018B0C-5261-443D-95E0-87A49EE28C10}.Debug|Any CPU.Build.0 = Debug|Any CPU
		{13018B0C-5261-443D-95E0-87A49EE28C10}.Release|Any CPU.ActiveCfg = Release|Any CPU
		{13018B0C-5261-443D-95E0-87A49EE28C10}.Release|Any CPU.Build.0 = Release|Any CPU
	EndGlobalSection
	GlobalSection(SolutionProperties) = preSolution
		HideSolutionNode = FALSE
	EndGlobalSection
	GlobalSection(ExtensibilityGlobals) = postSolution
		SolutionGuid = {11084F8D-9D0A-4F66-B884-8C5498687EDD}
	EndGlobalSection
EndGlobal
